
Microsoft Visual Studio Solution File, Format Version 12.00
# Visual Studio Version 17
VisualStudioVersion = 17.5.33424.131
MinimumVisualStudioVersion = 10.0.40219.1
Project("{9A19103F-16F7-4668-BE54-9A1E7A4F7556}") = "DndStorage", "MyFirstAPI\DndStorage.csproj", "{8CF188AA-16A5-4941-8984-1259C7B41E31}"
EndProject
Global
	GlobalSection(SolutionConfigurationPlatforms) = preSolution
		Debug|Any CPU = Debug|Any CPU
		Release|Any CPU = Release|Any CPU
	EndGlobalSection
	GlobalSection(ProjectConfigurationPlatforms) = postSolution
		{8CF188AA-16A5-4941-8984-1259C7B41E31}.Debug|Any CPU.ActiveCfg = Debug|Any CPU
		{8CF188AA-16A5-4941-8984-1259C7B41E31}.Debug|Any CPU.Build.0 = Debug|Any CPU
		{8CF188AA-16A5-4941-8984-1259C7B41E31}.Release|Any CPU.ActiveCfg = Release|Any CPU
		{8CF188AA-16A5-4941-8984-1259C7B41E31}.Release|Any CPU.Build.0 = Release|Any CPU
	EndGlobalSection
	GlobalSection(SolutionProperties) = preSolution
		HideSolutionNode = FALSE
	EndGlobalSection
	GlobalSection(ExtensibilityGlobals) = postSolution
		SolutionGuid = {649E2CF5-0129-4D98-AF10-89F77F076297}
	EndGlobalSection
EndGlobal
